
Microsoft Visual Studio Solution File, Format Version 12.00
# Visual Studio 14
VisualStudioVersion = 14.0.25420.1
MinimumVisualStudioVersion = 10.0.40219.1
Project("{FAE04EC0-301F-11D3-BF4B-00C04F79EFBC}") = "ModInstaller", "ModInstaller\ModInstaller.csproj", "{B7659B4B-F4EF-468A-9D97-3FA2822243D8}"
EndProject
Project("{FAE04EC0-301F-11D3-BF4B-00C04F79EFBC}") = "FomodInstaller.Interface", "FomodInstaller.Interface\FomodInstaller.Interface.csproj", "{494C3E44-8A35-46AE-82E5-1C1A7221803B}"
EndProject
Project("{FAE04EC0-301F-11D3-BF4B-00C04F79EFBC}") = "Utils", "Utils\Utils.csproj", "{5B9AD297-9D49-4593-A795-BDBD309B3313}"
EndProject
Project("{2150E333-8FDC-42A3-9474-1A3956D46DE8}") = "InstallScripting", "InstallScripting", "{3453ABBE-7DA9-4946-ACC0-D55BD4BDB5D4}"
EndProject
Project("{FAE04EC0-301F-11D3-BF4B-00C04F79EFBC}") = "Scripting", "InstallScripting\Scripting\Scripting.csproj", "{66DC8748-2DC2-4E6E-B645-080E0CFDC831}"
EndProject
Project("{FAE04EC0-301F-11D3-BF4B-00C04F79EFBC}") = "XmlScript", "InstallScripting\XmlScript\XmlScript.csproj", "{B0F526DB-967B-4A57-9EC9-2E4950E54F26}"
EndProject
Project("{FAE04EC0-301F-11D3-BF4B-00C04F79EFBC}") = "CSharpScript", "InstallScripting\CSharpScript\CSharpScript.csproj", "{6C3901C6-BFCA-47FC-929B-0CD030325FBD}"
EndProject
Project("{FAE04EC0-301F-11D3-BF4B-00C04F79EFBC}") = "ModScript", "InstallScripting\ModScript\ModScript.csproj", "{474F11D4-9510-4C7D-AE19-C668FC0EC961}"
EndProject
Project("{FAE04EC0-301F-11D3-BF4B-00C04F79EFBC}") = "ModInstallerTests", "ModInstallerTests\ModInstallerTests.csproj", "{493549E4-5E9A-4F4B-8421-983DF255F02E}"
EndProject
Project("{FAE04EC0-301F-11D3-BF4B-00C04F79EFBC}") = "UtilsTests", "UtilsTests\UtilsTests.csproj", "{DECB195F-A137-4545-AFB9-CFF6CCE00F6D}"
EndProject
Project("{FAE04EC0-301F-11D3-BF4B-00C04F79EFBC}") = "AntlrUtil", "AntlrUtil\AntlrUtil.csproj", "{8B2AD10B-4E22-4559-A784-648179225ADC}"
EndProject
Global
	GlobalSection(SolutionConfigurationPlatforms) = preSolution
		Debug|Any CPU = Debug|Any CPU
		Debug|x64 = Debug|x64
		Debug|x86 = Debug|x86
		Release|Any CPU = Release|Any CPU
		Release|x64 = Release|x64
		Release|x86 = Release|x86
	EndGlobalSection
	GlobalSection(ProjectConfigurationPlatforms) = postSolution
		{B7659B4B-F4EF-468A-9D97-3FA2822243D8}.Debug|Any CPU.ActiveCfg = Debug|Any CPU
		{B7659B4B-F4EF-468A-9D97-3FA2822243D8}.Debug|Any CPU.Build.0 = Debug|Any CPU
		{B7659B4B-F4EF-468A-9D97-3FA2822243D8}.Debug|x64.ActiveCfg = Debug|Any CPU
		{B7659B4B-F4EF-468A-9D97-3FA2822243D8}.Debug|x64.Build.0 = Debug|Any CPU
		{B7659B4B-F4EF-468A-9D97-3FA2822243D8}.Debug|x86.ActiveCfg = Debug|Any CPU
		{B7659B4B-F4EF-468A-9D97-3FA2822243D8}.Debug|x86.Build.0 = Debug|Any CPU
		{B7659B4B-F4EF-468A-9D97-3FA2822243D8}.Release|Any CPU.ActiveCfg = Release|Any CPU
		{B7659B4B-F4EF-468A-9D97-3FA2822243D8}.Release|Any CPU.Build.0 = Release|Any CPU
		{B7659B4B-F4EF-468A-9D97-3FA2822243D8}.Release|x64.ActiveCfg = Release|Any CPU
		{B7659B4B-F4EF-468A-9D97-3FA2822243D8}.Release|x64.Build.0 = Release|Any CPU
		{B7659B4B-F4EF-468A-9D97-3FA2822243D8}.Release|x86.ActiveCfg = Release|Any CPU
		{B7659B4B-F4EF-468A-9D97-3FA2822243D8}.Release|x86.Build.0 = Release|Any CPU
		{494C3E44-8A35-46AE-82E5-1C1A7221803B}.Debug|Any CPU.ActiveCfg = Debug|Any CPU
		{494C3E44-8A35-46AE-82E5-1C1A7221803B}.Debug|Any CPU.Build.0 = Debug|Any CPU
		{494C3E44-8A35-46AE-82E5-1C1A7221803B}.Debug|x64.ActiveCfg = Debug|Any CPU
		{494C3E44-8A35-46AE-82E5-1C1A7221803B}.Debug|x64.Build.0 = Debug|Any CPU
		{494C3E44-8A35-46AE-82E5-1C1A7221803B}.Debug|x86.ActiveCfg = Debug|Any CPU
		{494C3E44-8A35-46AE-82E5-1C1A7221803B}.Debug|x86.Build.0 = Debug|Any CPU
		{494C3E44-8A35-46AE-82E5-1C1A7221803B}.Release|Any CPU.ActiveCfg = Release|Any CPU
		{494C3E44-8A35-46AE-82E5-1C1A7221803B}.Release|Any CPU.Build.0 = Release|Any CPU
		{494C3E44-8A35-46AE-82E5-1C1A7221803B}.Release|x64.ActiveCfg = Release|Any CPU
		{494C3E44-8A35-46AE-82E5-1C1A7221803B}.Release|x64.Build.0 = Release|Any CPU
		{494C3E44-8A35-46AE-82E5-1C1A7221803B}.Release|x86.ActiveCfg = Release|Any CPU
		{494C3E44-8A35-46AE-82E5-1C1A7221803B}.Release|x86.Build.0 = Release|Any CPU
		{5B9AD297-9D49-4593-A795-BDBD309B3313}.Debug|Any CPU.ActiveCfg = Debug|Any CPU
		{5B9AD297-9D49-4593-A795-BDBD309B3313}.Debug|Any CPU.Build.0 = Debug|Any CPU
		{5B9AD297-9D49-4593-A795-BDBD309B3313}.Debug|x64.ActiveCfg = Debug|Any CPU
		{5B9AD297-9D49-4593-A795-BDBD309B3313}.Debug|x64.Build.0 = Debug|Any CPU
		{5B9AD297-9D49-4593-A795-BDBD309B3313}.Debug|x86.ActiveCfg = Debug|Any CPU
		{5B9AD297-9D49-4593-A795-BDBD309B3313}.Debug|x86.Build.0 = Debug|Any CPU
		{5B9AD297-9D49-4593-A795-BDBD309B3313}.Release|Any CPU.ActiveCfg = Release|Any CPU
		{5B9AD297-9D49-4593-A795-BDBD309B3313}.Release|Any CPU.Build.0 = Release|Any CPU
		{5B9AD297-9D49-4593-A795-BDBD309B3313}.Release|x64.ActiveCfg = Release|Any CPU
		{5B9AD297-9D49-4593-A795-BDBD309B3313}.Release|x64.Build.0 = Release|Any CPU
		{5B9AD297-9D49-4593-A795-BDBD309B3313}.Release|x86.ActiveCfg = Release|Any CPU
		{5B9AD297-9D49-4593-A795-BDBD309B3313}.Release|x86.Build.0 = Release|Any CPU
		{66DC8748-2DC2-4E6E-B645-080E0CFDC831}.Debug|Any CPU.ActiveCfg = Debug|Any CPU
		{66DC8748-2DC2-4E6E-B645-080E0CFDC831}.Debug|Any CPU.Build.0 = Debug|Any CPU
		{66DC8748-2DC2-4E6E-B645-080E0CFDC831}.Debug|x64.ActiveCfg = Debug|Any CPU
		{66DC8748-2DC2-4E6E-B645-080E0CFDC831}.Debug|x64.Build.0 = Debug|Any CPU
		{66DC8748-2DC2-4E6E-B645-080E0CFDC831}.Debug|x86.ActiveCfg = Debug|Any CPU
		{66DC8748-2DC2-4E6E-B645-080E0CFDC831}.Debug|x86.Build.0 = Debug|Any CPU
		{66DC8748-2DC2-4E6E-B645-080E0CFDC831}.Release|Any CPU.ActiveCfg = Release|Any CPU
		{66DC8748-2DC2-4E6E-B645-080E0CFDC831}.Release|Any CPU.Build.0 = Release|Any CPU
		{66DC8748-2DC2-4E6E-B645-080E0CFDC831}.Release|x64.ActiveCfg = Release|Any CPU
		{66DC8748-2DC2-4E6E-B645-080E0CFDC831}.Release|x64.Build.0 = Release|Any CPU
		{66DC8748-2DC2-4E6E-B645-080E0CFDC831}.Release|x86.ActiveCfg = Release|Any CPU
		{66DC8748-2DC2-4E6E-B645-080E0CFDC831}.Release|x86.Build.0 = Release|Any CPU
		{B0F526DB-967B-4A57-9EC9-2E4950E54F26}.Debug|Any CPU.ActiveCfg = Debug|Any CPU
		{B0F526DB-967B-4A57-9EC9-2E4950E54F26}.Debug|Any CPU.Build.0 = Debug|Any CPU
		{B0F526DB-967B-4A57-9EC9-2E4950E54F26}.Debug|x64.ActiveCfg = Debug|Any CPU
		{B0F526DB-967B-4A57-9EC9-2E4950E54F26}.Debug|x64.Build.0 = Debug|Any CPU
		{B0F526DB-967B-4A57-9EC9-2E4950E54F26}.Debug|x86.ActiveCfg = Debug|Any CPU
		{B0F526DB-967B-4A57-9EC9-2E4950E54F26}.Debug|x86.Build.0 = Debug|Any CPU
		{B0F526DB-967B-4A57-9EC9-2E4950E54F26}.Release|Any CPU.ActiveCfg = Release|Any CPU
		{B0F526DB-967B-4A57-9EC9-2E4950E54F26}.Release|Any CPU.Build.0 = Release|Any CPU
		{B0F526DB-967B-4A57-9EC9-2E4950E54F26}.Release|x64.ActiveCfg = Release|Any CPU
		{B0F526DB-967B-4A57-9EC9-2E4950E54F26}.Release|x64.Build.0 = Release|Any CPU
		{B0F526DB-967B-4A57-9EC9-2E4950E54F26}.Release|x86.ActiveCfg = Release|Any CPU
		{B0F526DB-967B-4A57-9EC9-2E4950E54F26}.Release|x86.Build.0 = Release|Any CPU
		{6C3901C6-BFCA-47FC-929B-0CD030325FBD}.Debug|Any CPU.ActiveCfg = Debug|Any CPU
		{6C3901C6-BFCA-47FC-929B-0CD030325FBD}.Debug|Any CPU.Build.0 = Debug|Any CPU
		{6C3901C6-BFCA-47FC-929B-0CD030325FBD}.Debug|x64.ActiveCfg = Debug|Any CPU
		{6C3901C6-BFCA-47FC-929B-0CD030325FBD}.Debug|x64.Build.0 = Debug|Any CPU
		{6C3901C6-BFCA-47FC-929B-0CD030325FBD}.Debug|x86.ActiveCfg = Debug|Any CPU
		{6C3901C6-BFCA-47FC-929B-0CD030325FBD}.Debug|x86.Build.0 = Debug|Any CPU
		{6C3901C6-BFCA-47FC-929B-0CD030325FBD}.Release|Any CPU.ActiveCfg = Release|Any CPU
		{6C3901C6-BFCA-47FC-929B-0CD030325FBD}.Release|Any CPU.Build.0 = Release|Any CPU
		{6C3901C6-BFCA-47FC-929B-0CD030325FBD}.Release|x64.ActiveCfg = Release|Any CPU
		{6C3901C6-BFCA-47FC-929B-0CD030325FBD}.Release|x64.Build.0 = Release|Any CPU
		{6C3901C6-BFCA-47FC-929B-0CD030325FBD}.Release|x86.ActiveCfg = Release|Any CPU
		{6C3901C6-BFCA-47FC-929B-0CD030325FBD}.Release|x86.Build.0 = Release|Any CPU
		{474F11D4-9510-4C7D-AE19-C668FC0EC961}.Debug|Any CPU.ActiveCfg = Debug|Any CPU
		{474F11D4-9510-4C7D-AE19-C668FC0EC961}.Debug|Any CPU.Build.0 = Debug|Any CPU
		{474F11D4-9510-4C7D-AE19-C668FC0EC961}.Debug|x64.ActiveCfg = Debug|Any CPU
		{474F11D4-9510-4C7D-AE19-C668FC0EC961}.Debug|x64.Build.0 = Debug|Any CPU
		{474F11D4-9510-4C7D-AE19-C668FC0EC961}.Debug|x86.ActiveCfg = Debug|Any CPU
		{474F11D4-9510-4C7D-AE19-C668FC0EC961}.Debug|x86.Build.0 = Debug|Any CPU
		{474F11D4-9510-4C7D-AE19-C668FC0EC961}.Release|Any CPU.ActiveCfg = Release|Any CPU
		{474F11D4-9510-4C7D-AE19-C668FC0EC961}.Release|Any CPU.Build.0 = Release|Any CPU
		{474F11D4-9510-4C7D-AE19-C668FC0EC961}.Release|x64.ActiveCfg = Release|Any CPU
		{474F11D4-9510-4C7D-AE19-C668FC0EC961}.Release|x64.Build.0 = Release|Any CPU
		{474F11D4-9510-4C7D-AE19-C668FC0EC961}.Release|x86.ActiveCfg = Release|Any CPU
		{474F11D4-9510-4C7D-AE19-C668FC0EC961}.Release|x86.Build.0 = Release|Any CPU
		{493549E4-5E9A-4F4B-8421-983DF255F02E}.Debug|Any CPU.ActiveCfg = Debug|Any CPU
		{493549E4-5E9A-4F4B-8421-983DF255F02E}.Debug|Any CPU.Build.0 = Debug|Any CPU
		{493549E4-5E9A-4F4B-8421-983DF255F02E}.Debug|x64.ActiveCfg = Debug|Any CPU
		{493549E4-5E9A-4F4B-8421-983DF255F02E}.Debug|x64.Build.0 = Debug|Any CPU
		{493549E4-5E9A-4F4B-8421-983DF255F02E}.Debug|x86.ActiveCfg = Debug|Any CPU
		{493549E4-5E9A-4F4B-8421-983DF255F02E}.Debug|x86.Build.0 = Debug|Any CPU
		{493549E4-5E9A-4F4B-8421-983DF255F02E}.Release|Any CPU.ActiveCfg = Release|Any CPU
		{493549E4-5E9A-4F4B-8421-983DF255F02E}.Release|Any CPU.Build.0 = Release|Any CPU
		{493549E4-5E9A-4F4B-8421-983DF255F02E}.Release|x64.ActiveCfg = Release|Any CPU
		{493549E4-5E9A-4F4B-8421-983DF255F02E}.Release|x64.Build.0 = Release|Any CPU
		{493549E4-5E9A-4F4B-8421-983DF255F02E}.Release|x86.ActiveCfg = Release|Any CPU
		{493549E4-5E9A-4F4B-8421-983DF255F02E}.Release|x86.Build.0 = Release|Any CPU
		{DECB195F-A137-4545-AFB9-CFF6CCE00F6D}.Debug|Any CPU.ActiveCfg = Debug|Any CPU
		{DECB195F-A137-4545-AFB9-CFF6CCE00F6D}.Debug|Any CPU.Build.0 = Debug|Any CPU
		{DECB195F-A137-4545-AFB9-CFF6CCE00F6D}.Debug|x64.ActiveCfg = Debug|Any CPU
		{DECB195F-A137-4545-AFB9-CFF6CCE00F6D}.Debug|x64.Build.0 = Debug|Any CPU
		{DECB195F-A137-4545-AFB9-CFF6CCE00F6D}.Debug|x86.ActiveCfg = Debug|Any CPU
		{DECB195F-A137-4545-AFB9-CFF6CCE00F6D}.Debug|x86.Build.0 = Debug|Any CPU
		{DECB195F-A137-4545-AFB9-CFF6CCE00F6D}.Release|Any CPU.ActiveCfg = Release|Any CPU
		{DECB195F-A137-4545-AFB9-CFF6CCE00F6D}.Release|Any CPU.Build.0 = Release|Any CPU
		{DECB195F-A137-4545-AFB9-CFF6CCE00F6D}.Release|x64.ActiveCfg = Release|Any CPU
		{DECB195F-A137-4545-AFB9-CFF6CCE00F6D}.Release|x64.Build.0 = Release|Any CPU
		{DECB195F-A137-4545-AFB9-CFF6CCE00F6D}.Release|x86.ActiveCfg = Release|Any CPU
		{DECB195F-A137-4545-AFB9-CFF6CCE00F6D}.Release|x86.Build.0 = Release|Any CPU
		{8B2AD10B-4E22-4559-A784-648179225ADC}.Debug|Any CPU.ActiveCfg = Debug|Any CPU
		{8B2AD10B-4E22-4559-A784-648179225ADC}.Debug|Any CPU.Build.0 = Debug|Any CPU
		{8B2AD10B-4E22-4559-A784-648179225ADC}.Debug|x64.ActiveCfg = Debug|Any CPU
		{8B2AD10B-4E22-4559-A784-648179225ADC}.Debug|x64.Build.0 = Debug|Any CPU
		{8B2AD10B-4E22-4559-A784-648179225ADC}.Debug|x86.ActiveCfg = Debug|Any CPU
		{8B2AD10B-4E22-4559-A784-648179225ADC}.Debug|x86.Build.0 = Debug|Any CPU
		{8B2AD10B-4E22-4559-A784-648179225ADC}.Release|Any CPU.ActiveCfg = Release|Any CPU
		{8B2AD10B-4E22-4559-A784-648179225ADC}.Release|Any CPU.Build.0 = Release|Any CPU
		{8B2AD10B-4E22-4559-A784-648179225ADC}.Release|x64.ActiveCfg = Release|Any CPU
		{8B2AD10B-4E22-4559-A784-648179225ADC}.Release|x64.Build.0 = Release|Any CPU
		{8B2AD10B-4E22-4559-A784-648179225ADC}.Release|x86.ActiveCfg = Release|Any CPU
		{8B2AD10B-4E22-4559-A784-648179225ADC}.Release|x86.Build.0 = Release|Any CPU
	EndGlobalSection
	GlobalSection(SolutionProperties) = preSolution
		HideSolutionNode = FALSE
	EndGlobalSection
	GlobalSection(NestedProjects) = preSolution
		{66DC8748-2DC2-4E6E-B645-080E0CFDC831} = {3453ABBE-7DA9-4946-ACC0-D55BD4BDB5D4}
		{B0F526DB-967B-4A57-9EC9-2E4950E54F26} = {3453ABBE-7DA9-4946-ACC0-D55BD4BDB5D4}
		{6C3901C6-BFCA-47FC-929B-0CD030325FBD} = {3453ABBE-7DA9-4946-ACC0-D55BD4BDB5D4}
		{474F11D4-9510-4C7D-AE19-C668FC0EC961} = {3453ABBE-7DA9-4946-ACC0-D55BD4BDB5D4}
	EndGlobalSection
EndGlobal
