
Microsoft Visual Studio Solution File, Format Version 12.00
# Visual Studio 14
VisualStudioVersion = 14.0.25420.1
MinimumVisualStudioVersion = 10.0.40219.1
Project("{FAE04EC0-301F-11D3-BF4B-00C04F79EFBC}") = "Installer", "Installer\Installer.csproj", "{7AC63DAE-FDA0-4144-AE43-B0C63A440DEC}"
EndProject
Project("{FAE04EC0-301F-11D3-BF4B-00C04F79EFBC}") = "Mods", "Mods\Mods.csproj", "{F549FC18-86BE-4215-A1B9-28D6D1D323DB}"
EndProject
Project("{FAE04EC0-301F-11D3-BF4B-00C04F79EFBC}") = "Scripting", "Scripting\Scripting.csproj", "{DF0D98F3-E011-4B4E-9F20-8B0CC2E85D22}"
EndProject
Project("{FAE04EC0-301F-11D3-BF4B-00C04F79EFBC}") = "Archiving", "Archive\Archiving.csproj", "{9D221C66-D13D-4108-A9CB-A05736371EBC}"
EndProject
Project("{FAE04EC0-301F-11D3-BF4B-00C04F79EFBC}") = "Commanding", "Commanding\Commanding.csproj", "{1732BB96-1F74-4B99-82D6-4D1239C9D36A}"
EndProject
Project("{FAE04EC0-301F-11D3-BF4B-00C04F79EFBC}") = "Tools", "Tools\Tools.csproj", "{E04D3E97-93E5-4C93-986D-9E6B4D254595}"
EndProject
Project("{FAE04EC0-301F-11D3-BF4B-00C04F79EFBC}") = "IniEditing", "IniEditing\IniEditing.csproj", "{C9082DC9-D7DE-4D0E-B20B-E249B10F2FB2}"
EndProject
Project("{FAE04EC0-301F-11D3-BF4B-00C04F79EFBC}") = "PluginManagement", "PluginManagement\PluginManagement.csproj", "{7E229103-74ED-43AA-A195-AF5830004B21}"
EndProject
Project("{FAE04EC0-301F-11D3-BF4B-00C04F79EFBC}") = "UI", "UI\UI.csproj", "{1DCD8646-6559-4B8F-9D8E-84F0DAC2A679}"
EndProject
Project("{FAE04EC0-301F-11D3-BF4B-00C04F79EFBC}") = "Scripting.Interfaces", "Scripting.Interfaces\Scripting.Interfaces.csproj", "{25642B5B-C56C-4A0F-B936-5D9903037B79}"
EndProject
Project("{FAE04EC0-301F-11D3-BF4B-00C04F79EFBC}") = "Scripting.Execution", "Scripting.Execution\Scripting.Execution.csproj", "{D74DFAED-AF1E-481D-8A86-3BF3EBCAFC7D}"
EndProject
Project("{FAE04EC0-301F-11D3-BF4B-00C04F79EFBC}") = "UtilTests", "UtilTests\UtilTests.csproj", "{2B7AAB2B-D9CB-44C6-85AF-1CDA5EEBC681}"
EndProject
Project("{FAE04EC0-301F-11D3-BF4B-00C04F79EFBC}") = "Scripting.ExecutionTests", "Scripting.ExecutionTests\Scripting.ExecutionTests.csproj", "{5D07B44B-5543-48E3-B8D3-5361CD2519B0}"
EndProject
Project("{FAE04EC0-301F-11D3-BF4B-00C04F79EFBC}") = "ScriptingTests", "ScriptingTests\ScriptingTests.csproj", "{3947CA6F-230C-43B4-9A57-771A19C22D9C}"
EndProject
Project("{FAE04EC0-301F-11D3-BF4B-00C04F79EFBC}") = "ArchivingTests", "ArchivingTests\ArchivingTests.csproj", "{895C82D6-47F9-4DBF-BCCE-CDD856C80693}"
EndProject
Project("{FAE04EC0-301F-11D3-BF4B-00C04F79EFBC}") = "CommandingTests", "CommandingTests\CommandingTests.csproj", "{D1BB264B-FCBA-4B21-8ACC-BE0374EA06F8}"
EndProject
Project("{FAE04EC0-301F-11D3-BF4B-00C04F79EFBC}") = "IniEditingTests", "IniEditingTests\IniEditingTests.csproj", "{0D0F3C2B-4CF2-425E-9C6E-C5ADA3C7B076}"
EndProject
Project("{FAE04EC0-301F-11D3-BF4B-00C04F79EFBC}") = "ModsTests", "ModsTests\ModsTests.csproj", "{75983713-8ED5-4AF1-9B68-BFF578F3D3B2}"
EndProject
Project("{FAE04EC0-301F-11D3-BF4B-00C04F79EFBC}") = "Installer.LoggingTests", "Installer.LoggingTests\Installer.LoggingTests.csproj", "{E90BE692-414B-4F94-BE51-77DB0D29D7CD}"
EndProject
Project("{FAE04EC0-301F-11D3-BF4B-00C04F79EFBC}") = "InstallerTests", "InstallerTests\InstallerTests.csproj", "{54B6C2CE-4245-4FBA-AE58-0D1EB0C583C7}"
EndProject
Project("{FAE04EC0-301F-11D3-BF4B-00C04F79EFBC}") = "Installer.Logging", "Installer.Logging\Installer.Logging.csproj", "{6ECBF119-D4DB-4667-AB1A-3E4B2F0D1197}"
EndProject
Project("{FAE04EC0-301F-11D3-BF4B-00C04F79EFBC}") = "Util", "Util\Util.csproj", "{487C8C5C-C725-4538-AAC6-F80AD1EE8CCE}"
EndProject
Project("{FAE04EC0-301F-11D3-BF4B-00C04F79EFBC}") = "Downloader", "Downloader\Downloader.csproj", "{1BE4C843-8932-48D8-AA91-34DE2826AFE4}"
EndProject
Project("{FAE04EC0-301F-11D3-BF4B-00C04F79EFBC}") = "DownloaderTest", "DownloaderTest\DownloaderTest.csproj", "{831F959A-C6B2-4C36-A7A9-97710E0F20A2}"
EndProject
Project("{FAE04EC0-301F-11D3-BF4B-00C04F79EFBC}") = "Mods.Interfaces", "Mods.Interfaces\Mods.Interfaces.csproj", "{99016B27-EC1C-4E94-AFD9-6F1DC70544B1}"
EndProject
Project("{FAE04EC0-301F-11D3-BF4B-00C04F79EFBC}") = "GameMode", "GameMode\GameMode.csproj", "{CEA6BE1E-67E6-4C60-9D88-D2C947CF7362}"
EndProject
Global
	GlobalSection(SolutionConfigurationPlatforms) = preSolution
		Debug|Any CPU = Debug|Any CPU
		Debug|x64 = Debug|x64
		Debug|x86 = Debug|x86
		Release|Any CPU = Release|Any CPU
		Release|x64 = Release|x64
		Release|x86 = Release|x86
	EndGlobalSection
	GlobalSection(ProjectConfigurationPlatforms) = postSolution
		{7AC63DAE-FDA0-4144-AE43-B0C63A440DEC}.Debug|Any CPU.ActiveCfg = Debug|Any CPU
		{7AC63DAE-FDA0-4144-AE43-B0C63A440DEC}.Debug|Any CPU.Build.0 = Debug|Any CPU
		{7AC63DAE-FDA0-4144-AE43-B0C63A440DEC}.Debug|x64.ActiveCfg = Debug|Any CPU
		{7AC63DAE-FDA0-4144-AE43-B0C63A440DEC}.Debug|x64.Build.0 = Debug|Any CPU
		{7AC63DAE-FDA0-4144-AE43-B0C63A440DEC}.Debug|x86.ActiveCfg = Debug|Any CPU
		{7AC63DAE-FDA0-4144-AE43-B0C63A440DEC}.Debug|x86.Build.0 = Debug|Any CPU
		{7AC63DAE-FDA0-4144-AE43-B0C63A440DEC}.Release|Any CPU.ActiveCfg = Release|Any CPU
		{7AC63DAE-FDA0-4144-AE43-B0C63A440DEC}.Release|Any CPU.Build.0 = Release|Any CPU
		{7AC63DAE-FDA0-4144-AE43-B0C63A440DEC}.Release|x64.ActiveCfg = Release|Any CPU
		{7AC63DAE-FDA0-4144-AE43-B0C63A440DEC}.Release|x64.Build.0 = Release|Any CPU
		{7AC63DAE-FDA0-4144-AE43-B0C63A440DEC}.Release|x86.ActiveCfg = Release|Any CPU
		{7AC63DAE-FDA0-4144-AE43-B0C63A440DEC}.Release|x86.Build.0 = Release|Any CPU
		{F549FC18-86BE-4215-A1B9-28D6D1D323DB}.Debug|Any CPU.ActiveCfg = Debug|Any CPU
		{F549FC18-86BE-4215-A1B9-28D6D1D323DB}.Debug|Any CPU.Build.0 = Debug|Any CPU
		{F549FC18-86BE-4215-A1B9-28D6D1D323DB}.Debug|x64.ActiveCfg = Debug|Any CPU
		{F549FC18-86BE-4215-A1B9-28D6D1D323DB}.Debug|x64.Build.0 = Debug|Any CPU
		{F549FC18-86BE-4215-A1B9-28D6D1D323DB}.Debug|x86.ActiveCfg = Debug|Any CPU
		{F549FC18-86BE-4215-A1B9-28D6D1D323DB}.Debug|x86.Build.0 = Debug|Any CPU
		{F549FC18-86BE-4215-A1B9-28D6D1D323DB}.Release|Any CPU.ActiveCfg = Release|Any CPU
		{F549FC18-86BE-4215-A1B9-28D6D1D323DB}.Release|Any CPU.Build.0 = Release|Any CPU
		{F549FC18-86BE-4215-A1B9-28D6D1D323DB}.Release|x64.ActiveCfg = Release|Any CPU
		{F549FC18-86BE-4215-A1B9-28D6D1D323DB}.Release|x64.Build.0 = Release|Any CPU
		{F549FC18-86BE-4215-A1B9-28D6D1D323DB}.Release|x86.ActiveCfg = Release|Any CPU
		{F549FC18-86BE-4215-A1B9-28D6D1D323DB}.Release|x86.Build.0 = Release|Any CPU
		{DF0D98F3-E011-4B4E-9F20-8B0CC2E85D22}.Debug|Any CPU.ActiveCfg = Debug|Any CPU
		{DF0D98F3-E011-4B4E-9F20-8B0CC2E85D22}.Debug|Any CPU.Build.0 = Debug|Any CPU
		{DF0D98F3-E011-4B4E-9F20-8B0CC2E85D22}.Debug|x64.ActiveCfg = Debug|Any CPU
		{DF0D98F3-E011-4B4E-9F20-8B0CC2E85D22}.Debug|x64.Build.0 = Debug|Any CPU
		{DF0D98F3-E011-4B4E-9F20-8B0CC2E85D22}.Debug|x86.ActiveCfg = Debug|Any CPU
		{DF0D98F3-E011-4B4E-9F20-8B0CC2E85D22}.Debug|x86.Build.0 = Debug|Any CPU
		{DF0D98F3-E011-4B4E-9F20-8B0CC2E85D22}.Release|Any CPU.ActiveCfg = Release|Any CPU
		{DF0D98F3-E011-4B4E-9F20-8B0CC2E85D22}.Release|Any CPU.Build.0 = Release|Any CPU
		{DF0D98F3-E011-4B4E-9F20-8B0CC2E85D22}.Release|x64.ActiveCfg = Release|Any CPU
		{DF0D98F3-E011-4B4E-9F20-8B0CC2E85D22}.Release|x64.Build.0 = Release|Any CPU
		{DF0D98F3-E011-4B4E-9F20-8B0CC2E85D22}.Release|x86.ActiveCfg = Release|Any CPU
		{DF0D98F3-E011-4B4E-9F20-8B0CC2E85D22}.Release|x86.Build.0 = Release|Any CPU
		{9D221C66-D13D-4108-A9CB-A05736371EBC}.Debug|Any CPU.ActiveCfg = Debug|Any CPU
		{9D221C66-D13D-4108-A9CB-A05736371EBC}.Debug|Any CPU.Build.0 = Debug|Any CPU
		{9D221C66-D13D-4108-A9CB-A05736371EBC}.Debug|x64.ActiveCfg = Debug|Any CPU
		{9D221C66-D13D-4108-A9CB-A05736371EBC}.Debug|x64.Build.0 = Debug|Any CPU
		{9D221C66-D13D-4108-A9CB-A05736371EBC}.Debug|x86.ActiveCfg = Debug|Any CPU
		{9D221C66-D13D-4108-A9CB-A05736371EBC}.Debug|x86.Build.0 = Debug|Any CPU
		{9D221C66-D13D-4108-A9CB-A05736371EBC}.Release|Any CPU.ActiveCfg = Release|Any CPU
		{9D221C66-D13D-4108-A9CB-A05736371EBC}.Release|Any CPU.Build.0 = Release|Any CPU
		{9D221C66-D13D-4108-A9CB-A05736371EBC}.Release|x64.ActiveCfg = Release|Any CPU
		{9D221C66-D13D-4108-A9CB-A05736371EBC}.Release|x64.Build.0 = Release|Any CPU
		{9D221C66-D13D-4108-A9CB-A05736371EBC}.Release|x86.ActiveCfg = Release|Any CPU
		{9D221C66-D13D-4108-A9CB-A05736371EBC}.Release|x86.Build.0 = Release|Any CPU
		{1732BB96-1F74-4B99-82D6-4D1239C9D36A}.Debug|Any CPU.ActiveCfg = Debug|Any CPU
		{1732BB96-1F74-4B99-82D6-4D1239C9D36A}.Debug|Any CPU.Build.0 = Debug|Any CPU
		{1732BB96-1F74-4B99-82D6-4D1239C9D36A}.Debug|x64.ActiveCfg = Debug|Any CPU
		{1732BB96-1F74-4B99-82D6-4D1239C9D36A}.Debug|x64.Build.0 = Debug|Any CPU
		{1732BB96-1F74-4B99-82D6-4D1239C9D36A}.Debug|x86.ActiveCfg = Debug|Any CPU
		{1732BB96-1F74-4B99-82D6-4D1239C9D36A}.Debug|x86.Build.0 = Debug|Any CPU
		{1732BB96-1F74-4B99-82D6-4D1239C9D36A}.Release|Any CPU.ActiveCfg = Release|Any CPU
		{1732BB96-1F74-4B99-82D6-4D1239C9D36A}.Release|Any CPU.Build.0 = Release|Any CPU
		{1732BB96-1F74-4B99-82D6-4D1239C9D36A}.Release|x64.ActiveCfg = Release|Any CPU
		{1732BB96-1F74-4B99-82D6-4D1239C9D36A}.Release|x64.Build.0 = Release|Any CPU
		{1732BB96-1F74-4B99-82D6-4D1239C9D36A}.Release|x86.ActiveCfg = Release|Any CPU
		{1732BB96-1F74-4B99-82D6-4D1239C9D36A}.Release|x86.Build.0 = Release|Any CPU
		{E04D3E97-93E5-4C93-986D-9E6B4D254595}.Debug|Any CPU.ActiveCfg = Debug|Any CPU
		{E04D3E97-93E5-4C93-986D-9E6B4D254595}.Debug|Any CPU.Build.0 = Debug|Any CPU
		{E04D3E97-93E5-4C93-986D-9E6B4D254595}.Debug|x64.ActiveCfg = Debug|Any CPU
		{E04D3E97-93E5-4C93-986D-9E6B4D254595}.Debug|x64.Build.0 = Debug|Any CPU
		{E04D3E97-93E5-4C93-986D-9E6B4D254595}.Debug|x86.ActiveCfg = Debug|Any CPU
		{E04D3E97-93E5-4C93-986D-9E6B4D254595}.Debug|x86.Build.0 = Debug|Any CPU
		{E04D3E97-93E5-4C93-986D-9E6B4D254595}.Release|Any CPU.ActiveCfg = Release|Any CPU
		{E04D3E97-93E5-4C93-986D-9E6B4D254595}.Release|Any CPU.Build.0 = Release|Any CPU
		{E04D3E97-93E5-4C93-986D-9E6B4D254595}.Release|x64.ActiveCfg = Release|Any CPU
		{E04D3E97-93E5-4C93-986D-9E6B4D254595}.Release|x64.Build.0 = Release|Any CPU
		{E04D3E97-93E5-4C93-986D-9E6B4D254595}.Release|x86.ActiveCfg = Release|Any CPU
		{E04D3E97-93E5-4C93-986D-9E6B4D254595}.Release|x86.Build.0 = Release|Any CPU
		{C9082DC9-D7DE-4D0E-B20B-E249B10F2FB2}.Debug|Any CPU.ActiveCfg = Debug|Any CPU
		{C9082DC9-D7DE-4D0E-B20B-E249B10F2FB2}.Debug|Any CPU.Build.0 = Debug|Any CPU
		{C9082DC9-D7DE-4D0E-B20B-E249B10F2FB2}.Debug|x64.ActiveCfg = Debug|Any CPU
		{C9082DC9-D7DE-4D0E-B20B-E249B10F2FB2}.Debug|x64.Build.0 = Debug|Any CPU
		{C9082DC9-D7DE-4D0E-B20B-E249B10F2FB2}.Debug|x86.ActiveCfg = Debug|Any CPU
		{C9082DC9-D7DE-4D0E-B20B-E249B10F2FB2}.Debug|x86.Build.0 = Debug|Any CPU
		{C9082DC9-D7DE-4D0E-B20B-E249B10F2FB2}.Release|Any CPU.ActiveCfg = Release|Any CPU
		{C9082DC9-D7DE-4D0E-B20B-E249B10F2FB2}.Release|Any CPU.Build.0 = Release|Any CPU
		{C9082DC9-D7DE-4D0E-B20B-E249B10F2FB2}.Release|x64.ActiveCfg = Release|Any CPU
		{C9082DC9-D7DE-4D0E-B20B-E249B10F2FB2}.Release|x64.Build.0 = Release|Any CPU
		{C9082DC9-D7DE-4D0E-B20B-E249B10F2FB2}.Release|x86.ActiveCfg = Release|Any CPU
		{C9082DC9-D7DE-4D0E-B20B-E249B10F2FB2}.Release|x86.Build.0 = Release|Any CPU
		{7E229103-74ED-43AA-A195-AF5830004B21}.Debug|Any CPU.ActiveCfg = Debug|Any CPU
		{7E229103-74ED-43AA-A195-AF5830004B21}.Debug|Any CPU.Build.0 = Debug|Any CPU
		{7E229103-74ED-43AA-A195-AF5830004B21}.Debug|x64.ActiveCfg = Debug|Any CPU
		{7E229103-74ED-43AA-A195-AF5830004B21}.Debug|x64.Build.0 = Debug|Any CPU
		{7E229103-74ED-43AA-A195-AF5830004B21}.Debug|x86.ActiveCfg = Debug|Any CPU
		{7E229103-74ED-43AA-A195-AF5830004B21}.Debug|x86.Build.0 = Debug|Any CPU
		{7E229103-74ED-43AA-A195-AF5830004B21}.Release|Any CPU.ActiveCfg = Release|Any CPU
		{7E229103-74ED-43AA-A195-AF5830004B21}.Release|Any CPU.Build.0 = Release|Any CPU
		{7E229103-74ED-43AA-A195-AF5830004B21}.Release|x64.ActiveCfg = Release|Any CPU
		{7E229103-74ED-43AA-A195-AF5830004B21}.Release|x64.Build.0 = Release|Any CPU
		{7E229103-74ED-43AA-A195-AF5830004B21}.Release|x86.ActiveCfg = Release|Any CPU
		{7E229103-74ED-43AA-A195-AF5830004B21}.Release|x86.Build.0 = Release|Any CPU
		{1DCD8646-6559-4B8F-9D8E-84F0DAC2A679}.Debug|Any CPU.ActiveCfg = Debug|Any CPU
		{1DCD8646-6559-4B8F-9D8E-84F0DAC2A679}.Debug|Any CPU.Build.0 = Debug|Any CPU
		{1DCD8646-6559-4B8F-9D8E-84F0DAC2A679}.Debug|x64.ActiveCfg = Debug|Any CPU
		{1DCD8646-6559-4B8F-9D8E-84F0DAC2A679}.Debug|x64.Build.0 = Debug|Any CPU
		{1DCD8646-6559-4B8F-9D8E-84F0DAC2A679}.Debug|x86.ActiveCfg = Debug|Any CPU
		{1DCD8646-6559-4B8F-9D8E-84F0DAC2A679}.Debug|x86.Build.0 = Debug|Any CPU
		{1DCD8646-6559-4B8F-9D8E-84F0DAC2A679}.Release|Any CPU.ActiveCfg = Release|Any CPU
		{1DCD8646-6559-4B8F-9D8E-84F0DAC2A679}.Release|Any CPU.Build.0 = Release|Any CPU
		{1DCD8646-6559-4B8F-9D8E-84F0DAC2A679}.Release|x64.ActiveCfg = Release|Any CPU
		{1DCD8646-6559-4B8F-9D8E-84F0DAC2A679}.Release|x64.Build.0 = Release|Any CPU
		{1DCD8646-6559-4B8F-9D8E-84F0DAC2A679}.Release|x86.ActiveCfg = Release|Any CPU
		{1DCD8646-6559-4B8F-9D8E-84F0DAC2A679}.Release|x86.Build.0 = Release|Any CPU
		{25642B5B-C56C-4A0F-B936-5D9903037B79}.Debug|Any CPU.ActiveCfg = Debug|Any CPU
		{25642B5B-C56C-4A0F-B936-5D9903037B79}.Debug|Any CPU.Build.0 = Debug|Any CPU
		{25642B5B-C56C-4A0F-B936-5D9903037B79}.Debug|x64.ActiveCfg = Debug|Any CPU
		{25642B5B-C56C-4A0F-B936-5D9903037B79}.Debug|x64.Build.0 = Debug|Any CPU
		{25642B5B-C56C-4A0F-B936-5D9903037B79}.Debug|x86.ActiveCfg = Debug|Any CPU
		{25642B5B-C56C-4A0F-B936-5D9903037B79}.Debug|x86.Build.0 = Debug|Any CPU
		{25642B5B-C56C-4A0F-B936-5D9903037B79}.Release|Any CPU.ActiveCfg = Release|Any CPU
		{25642B5B-C56C-4A0F-B936-5D9903037B79}.Release|Any CPU.Build.0 = Release|Any CPU
		{25642B5B-C56C-4A0F-B936-5D9903037B79}.Release|x64.ActiveCfg = Release|Any CPU
		{25642B5B-C56C-4A0F-B936-5D9903037B79}.Release|x64.Build.0 = Release|Any CPU
		{25642B5B-C56C-4A0F-B936-5D9903037B79}.Release|x86.ActiveCfg = Release|Any CPU
		{25642B5B-C56C-4A0F-B936-5D9903037B79}.Release|x86.Build.0 = Release|Any CPU
		{D74DFAED-AF1E-481D-8A86-3BF3EBCAFC7D}.Debug|Any CPU.ActiveCfg = Debug|Any CPU
		{D74DFAED-AF1E-481D-8A86-3BF3EBCAFC7D}.Debug|Any CPU.Build.0 = Debug|Any CPU
		{D74DFAED-AF1E-481D-8A86-3BF3EBCAFC7D}.Debug|x64.ActiveCfg = Debug|Any CPU
		{D74DFAED-AF1E-481D-8A86-3BF3EBCAFC7D}.Debug|x64.Build.0 = Debug|Any CPU
		{D74DFAED-AF1E-481D-8A86-3BF3EBCAFC7D}.Debug|x86.ActiveCfg = Debug|Any CPU
		{D74DFAED-AF1E-481D-8A86-3BF3EBCAFC7D}.Debug|x86.Build.0 = Debug|Any CPU
		{D74DFAED-AF1E-481D-8A86-3BF3EBCAFC7D}.Release|Any CPU.ActiveCfg = Release|Any CPU
		{D74DFAED-AF1E-481D-8A86-3BF3EBCAFC7D}.Release|Any CPU.Build.0 = Release|Any CPU
		{D74DFAED-AF1E-481D-8A86-3BF3EBCAFC7D}.Release|x64.ActiveCfg = Release|Any CPU
		{D74DFAED-AF1E-481D-8A86-3BF3EBCAFC7D}.Release|x64.Build.0 = Release|Any CPU
		{D74DFAED-AF1E-481D-8A86-3BF3EBCAFC7D}.Release|x86.ActiveCfg = Release|Any CPU
		{D74DFAED-AF1E-481D-8A86-3BF3EBCAFC7D}.Release|x86.Build.0 = Release|Any CPU
		{2B7AAB2B-D9CB-44C6-85AF-1CDA5EEBC681}.Debug|Any CPU.ActiveCfg = Debug|Any CPU
		{2B7AAB2B-D9CB-44C6-85AF-1CDA5EEBC681}.Debug|Any CPU.Build.0 = Debug|Any CPU
		{2B7AAB2B-D9CB-44C6-85AF-1CDA5EEBC681}.Debug|x64.ActiveCfg = Debug|Any CPU
		{2B7AAB2B-D9CB-44C6-85AF-1CDA5EEBC681}.Debug|x64.Build.0 = Debug|Any CPU
		{2B7AAB2B-D9CB-44C6-85AF-1CDA5EEBC681}.Debug|x86.ActiveCfg = Debug|Any CPU
		{2B7AAB2B-D9CB-44C6-85AF-1CDA5EEBC681}.Debug|x86.Build.0 = Debug|Any CPU
		{2B7AAB2B-D9CB-44C6-85AF-1CDA5EEBC681}.Release|Any CPU.ActiveCfg = Release|Any CPU
		{2B7AAB2B-D9CB-44C6-85AF-1CDA5EEBC681}.Release|Any CPU.Build.0 = Release|Any CPU
		{2B7AAB2B-D9CB-44C6-85AF-1CDA5EEBC681}.Release|x64.ActiveCfg = Release|Any CPU
		{2B7AAB2B-D9CB-44C6-85AF-1CDA5EEBC681}.Release|x64.Build.0 = Release|Any CPU
		{2B7AAB2B-D9CB-44C6-85AF-1CDA5EEBC681}.Release|x86.ActiveCfg = Release|Any CPU
		{2B7AAB2B-D9CB-44C6-85AF-1CDA5EEBC681}.Release|x86.Build.0 = Release|Any CPU
		{5D07B44B-5543-48E3-B8D3-5361CD2519B0}.Debug|Any CPU.ActiveCfg = Debug|Any CPU
		{5D07B44B-5543-48E3-B8D3-5361CD2519B0}.Debug|Any CPU.Build.0 = Debug|Any CPU
		{5D07B44B-5543-48E3-B8D3-5361CD2519B0}.Debug|x64.ActiveCfg = Debug|Any CPU
		{5D07B44B-5543-48E3-B8D3-5361CD2519B0}.Debug|x64.Build.0 = Debug|Any CPU
		{5D07B44B-5543-48E3-B8D3-5361CD2519B0}.Debug|x86.ActiveCfg = Debug|Any CPU
		{5D07B44B-5543-48E3-B8D3-5361CD2519B0}.Debug|x86.Build.0 = Debug|Any CPU
		{5D07B44B-5543-48E3-B8D3-5361CD2519B0}.Release|Any CPU.ActiveCfg = Release|Any CPU
		{5D07B44B-5543-48E3-B8D3-5361CD2519B0}.Release|Any CPU.Build.0 = Release|Any CPU
		{5D07B44B-5543-48E3-B8D3-5361CD2519B0}.Release|x64.ActiveCfg = Release|Any CPU
		{5D07B44B-5543-48E3-B8D3-5361CD2519B0}.Release|x64.Build.0 = Release|Any CPU
		{5D07B44B-5543-48E3-B8D3-5361CD2519B0}.Release|x86.ActiveCfg = Release|Any CPU
		{5D07B44B-5543-48E3-B8D3-5361CD2519B0}.Release|x86.Build.0 = Release|Any CPU
		{3947CA6F-230C-43B4-9A57-771A19C22D9C}.Debug|Any CPU.ActiveCfg = Debug|Any CPU
		{3947CA6F-230C-43B4-9A57-771A19C22D9C}.Debug|Any CPU.Build.0 = Debug|Any CPU
		{3947CA6F-230C-43B4-9A57-771A19C22D9C}.Debug|x64.ActiveCfg = Debug|Any CPU
		{3947CA6F-230C-43B4-9A57-771A19C22D9C}.Debug|x64.Build.0 = Debug|Any CPU
		{3947CA6F-230C-43B4-9A57-771A19C22D9C}.Debug|x86.ActiveCfg = Debug|Any CPU
		{3947CA6F-230C-43B4-9A57-771A19C22D9C}.Debug|x86.Build.0 = Debug|Any CPU
		{3947CA6F-230C-43B4-9A57-771A19C22D9C}.Release|Any CPU.ActiveCfg = Release|Any CPU
		{3947CA6F-230C-43B4-9A57-771A19C22D9C}.Release|Any CPU.Build.0 = Release|Any CPU
		{3947CA6F-230C-43B4-9A57-771A19C22D9C}.Release|x64.ActiveCfg = Release|Any CPU
		{3947CA6F-230C-43B4-9A57-771A19C22D9C}.Release|x64.Build.0 = Release|Any CPU
		{3947CA6F-230C-43B4-9A57-771A19C22D9C}.Release|x86.ActiveCfg = Release|Any CPU
		{3947CA6F-230C-43B4-9A57-771A19C22D9C}.Release|x86.Build.0 = Release|Any CPU
		{895C82D6-47F9-4DBF-BCCE-CDD856C80693}.Debug|Any CPU.ActiveCfg = Debug|Any CPU
		{895C82D6-47F9-4DBF-BCCE-CDD856C80693}.Debug|Any CPU.Build.0 = Debug|Any CPU
		{895C82D6-47F9-4DBF-BCCE-CDD856C80693}.Debug|x64.ActiveCfg = Debug|Any CPU
		{895C82D6-47F9-4DBF-BCCE-CDD856C80693}.Debug|x64.Build.0 = Debug|Any CPU
		{895C82D6-47F9-4DBF-BCCE-CDD856C80693}.Debug|x86.ActiveCfg = Debug|Any CPU
		{895C82D6-47F9-4DBF-BCCE-CDD856C80693}.Debug|x86.Build.0 = Debug|Any CPU
		{895C82D6-47F9-4DBF-BCCE-CDD856C80693}.Release|Any CPU.ActiveCfg = Release|Any CPU
		{895C82D6-47F9-4DBF-BCCE-CDD856C80693}.Release|Any CPU.Build.0 = Release|Any CPU
		{895C82D6-47F9-4DBF-BCCE-CDD856C80693}.Release|x64.ActiveCfg = Release|Any CPU
		{895C82D6-47F9-4DBF-BCCE-CDD856C80693}.Release|x64.Build.0 = Release|Any CPU
		{895C82D6-47F9-4DBF-BCCE-CDD856C80693}.Release|x86.ActiveCfg = Release|Any CPU
		{895C82D6-47F9-4DBF-BCCE-CDD856C80693}.Release|x86.Build.0 = Release|Any CPU
		{D1BB264B-FCBA-4B21-8ACC-BE0374EA06F8}.Debug|Any CPU.ActiveCfg = Debug|Any CPU
		{D1BB264B-FCBA-4B21-8ACC-BE0374EA06F8}.Debug|Any CPU.Build.0 = Debug|Any CPU
		{D1BB264B-FCBA-4B21-8ACC-BE0374EA06F8}.Debug|x64.ActiveCfg = Debug|Any CPU
		{D1BB264B-FCBA-4B21-8ACC-BE0374EA06F8}.Debug|x64.Build.0 = Debug|Any CPU
		{D1BB264B-FCBA-4B21-8ACC-BE0374EA06F8}.Debug|x86.ActiveCfg = Debug|Any CPU
		{D1BB264B-FCBA-4B21-8ACC-BE0374EA06F8}.Debug|x86.Build.0 = Debug|Any CPU
		{D1BB264B-FCBA-4B21-8ACC-BE0374EA06F8}.Release|Any CPU.ActiveCfg = Release|Any CPU
		{D1BB264B-FCBA-4B21-8ACC-BE0374EA06F8}.Release|Any CPU.Build.0 = Release|Any CPU
		{D1BB264B-FCBA-4B21-8ACC-BE0374EA06F8}.Release|x64.ActiveCfg = Release|Any CPU
		{D1BB264B-FCBA-4B21-8ACC-BE0374EA06F8}.Release|x64.Build.0 = Release|Any CPU
		{D1BB264B-FCBA-4B21-8ACC-BE0374EA06F8}.Release|x86.ActiveCfg = Release|Any CPU
		{D1BB264B-FCBA-4B21-8ACC-BE0374EA06F8}.Release|x86.Build.0 = Release|Any CPU
		{0D0F3C2B-4CF2-425E-9C6E-C5ADA3C7B076}.Debug|Any CPU.ActiveCfg = Debug|Any CPU
		{0D0F3C2B-4CF2-425E-9C6E-C5ADA3C7B076}.Debug|Any CPU.Build.0 = Debug|Any CPU
		{0D0F3C2B-4CF2-425E-9C6E-C5ADA3C7B076}.Debug|x64.ActiveCfg = Debug|Any CPU
		{0D0F3C2B-4CF2-425E-9C6E-C5ADA3C7B076}.Debug|x64.Build.0 = Debug|Any CPU
		{0D0F3C2B-4CF2-425E-9C6E-C5ADA3C7B076}.Debug|x86.ActiveCfg = Debug|Any CPU
		{0D0F3C2B-4CF2-425E-9C6E-C5ADA3C7B076}.Debug|x86.Build.0 = Debug|Any CPU
		{0D0F3C2B-4CF2-425E-9C6E-C5ADA3C7B076}.Release|Any CPU.ActiveCfg = Release|Any CPU
		{0D0F3C2B-4CF2-425E-9C6E-C5ADA3C7B076}.Release|Any CPU.Build.0 = Release|Any CPU
		{0D0F3C2B-4CF2-425E-9C6E-C5ADA3C7B076}.Release|x64.ActiveCfg = Release|Any CPU
		{0D0F3C2B-4CF2-425E-9C6E-C5ADA3C7B076}.Release|x64.Build.0 = Release|Any CPU
		{0D0F3C2B-4CF2-425E-9C6E-C5ADA3C7B076}.Release|x86.ActiveCfg = Release|Any CPU
		{0D0F3C2B-4CF2-425E-9C6E-C5ADA3C7B076}.Release|x86.Build.0 = Release|Any CPU
		{75983713-8ED5-4AF1-9B68-BFF578F3D3B2}.Debug|Any CPU.ActiveCfg = Debug|Any CPU
		{75983713-8ED5-4AF1-9B68-BFF578F3D3B2}.Debug|Any CPU.Build.0 = Debug|Any CPU
		{75983713-8ED5-4AF1-9B68-BFF578F3D3B2}.Debug|x64.ActiveCfg = Debug|Any CPU
		{75983713-8ED5-4AF1-9B68-BFF578F3D3B2}.Debug|x64.Build.0 = Debug|Any CPU
		{75983713-8ED5-4AF1-9B68-BFF578F3D3B2}.Debug|x86.ActiveCfg = Debug|Any CPU
		{75983713-8ED5-4AF1-9B68-BFF578F3D3B2}.Debug|x86.Build.0 = Debug|Any CPU
		{75983713-8ED5-4AF1-9B68-BFF578F3D3B2}.Release|Any CPU.ActiveCfg = Release|Any CPU
		{75983713-8ED5-4AF1-9B68-BFF578F3D3B2}.Release|Any CPU.Build.0 = Release|Any CPU
		{75983713-8ED5-4AF1-9B68-BFF578F3D3B2}.Release|x64.ActiveCfg = Release|Any CPU
		{75983713-8ED5-4AF1-9B68-BFF578F3D3B2}.Release|x64.Build.0 = Release|Any CPU
		{75983713-8ED5-4AF1-9B68-BFF578F3D3B2}.Release|x86.ActiveCfg = Release|Any CPU
		{75983713-8ED5-4AF1-9B68-BFF578F3D3B2}.Release|x86.Build.0 = Release|Any CPU
		{E90BE692-414B-4F94-BE51-77DB0D29D7CD}.Debug|Any CPU.ActiveCfg = Debug|Any CPU
		{E90BE692-414B-4F94-BE51-77DB0D29D7CD}.Debug|Any CPU.Build.0 = Debug|Any CPU
		{E90BE692-414B-4F94-BE51-77DB0D29D7CD}.Debug|x64.ActiveCfg = Debug|Any CPU
		{E90BE692-414B-4F94-BE51-77DB0D29D7CD}.Debug|x64.Build.0 = Debug|Any CPU
		{E90BE692-414B-4F94-BE51-77DB0D29D7CD}.Debug|x86.ActiveCfg = Debug|Any CPU
		{E90BE692-414B-4F94-BE51-77DB0D29D7CD}.Debug|x86.Build.0 = Debug|Any CPU
		{E90BE692-414B-4F94-BE51-77DB0D29D7CD}.Release|Any CPU.ActiveCfg = Release|Any CPU
		{E90BE692-414B-4F94-BE51-77DB0D29D7CD}.Release|Any CPU.Build.0 = Release|Any CPU
		{E90BE692-414B-4F94-BE51-77DB0D29D7CD}.Release|x64.ActiveCfg = Release|Any CPU
		{E90BE692-414B-4F94-BE51-77DB0D29D7CD}.Release|x64.Build.0 = Release|Any CPU
		{E90BE692-414B-4F94-BE51-77DB0D29D7CD}.Release|x86.ActiveCfg = Release|Any CPU
		{E90BE692-414B-4F94-BE51-77DB0D29D7CD}.Release|x86.Build.0 = Release|Any CPU
		{54B6C2CE-4245-4FBA-AE58-0D1EB0C583C7}.Debug|Any CPU.ActiveCfg = Debug|Any CPU
		{54B6C2CE-4245-4FBA-AE58-0D1EB0C583C7}.Debug|Any CPU.Build.0 = Debug|Any CPU
		{54B6C2CE-4245-4FBA-AE58-0D1EB0C583C7}.Debug|x64.ActiveCfg = Debug|Any CPU
		{54B6C2CE-4245-4FBA-AE58-0D1EB0C583C7}.Debug|x64.Build.0 = Debug|Any CPU
		{54B6C2CE-4245-4FBA-AE58-0D1EB0C583C7}.Debug|x86.ActiveCfg = Debug|Any CPU
		{54B6C2CE-4245-4FBA-AE58-0D1EB0C583C7}.Debug|x86.Build.0 = Debug|Any CPU
		{54B6C2CE-4245-4FBA-AE58-0D1EB0C583C7}.Release|Any CPU.ActiveCfg = Release|Any CPU
		{54B6C2CE-4245-4FBA-AE58-0D1EB0C583C7}.Release|Any CPU.Build.0 = Release|Any CPU
		{54B6C2CE-4245-4FBA-AE58-0D1EB0C583C7}.Release|x64.ActiveCfg = Release|Any CPU
		{54B6C2CE-4245-4FBA-AE58-0D1EB0C583C7}.Release|x64.Build.0 = Release|Any CPU
		{54B6C2CE-4245-4FBA-AE58-0D1EB0C583C7}.Release|x86.ActiveCfg = Release|Any CPU
		{54B6C2CE-4245-4FBA-AE58-0D1EB0C583C7}.Release|x86.Build.0 = Release|Any CPU
		{6ECBF119-D4DB-4667-AB1A-3E4B2F0D1197}.Debug|Any CPU.ActiveCfg = Debug|Any CPU
		{6ECBF119-D4DB-4667-AB1A-3E4B2F0D1197}.Debug|Any CPU.Build.0 = Debug|Any CPU
		{6ECBF119-D4DB-4667-AB1A-3E4B2F0D1197}.Debug|x64.ActiveCfg = Debug|Any CPU
		{6ECBF119-D4DB-4667-AB1A-3E4B2F0D1197}.Debug|x64.Build.0 = Debug|Any CPU
		{6ECBF119-D4DB-4667-AB1A-3E4B2F0D1197}.Debug|x86.ActiveCfg = Debug|Any CPU
		{6ECBF119-D4DB-4667-AB1A-3E4B2F0D1197}.Debug|x86.Build.0 = Debug|Any CPU
		{6ECBF119-D4DB-4667-AB1A-3E4B2F0D1197}.Release|Any CPU.ActiveCfg = Release|Any CPU
		{6ECBF119-D4DB-4667-AB1A-3E4B2F0D1197}.Release|Any CPU.Build.0 = Release|Any CPU
		{6ECBF119-D4DB-4667-AB1A-3E4B2F0D1197}.Release|x64.ActiveCfg = Release|Any CPU
		{6ECBF119-D4DB-4667-AB1A-3E4B2F0D1197}.Release|x64.Build.0 = Release|Any CPU
		{6ECBF119-D4DB-4667-AB1A-3E4B2F0D1197}.Release|x86.ActiveCfg = Release|Any CPU
		{6ECBF119-D4DB-4667-AB1A-3E4B2F0D1197}.Release|x86.Build.0 = Release|Any CPU
		{487C8C5C-C725-4538-AAC6-F80AD1EE8CCE}.Debug|Any CPU.ActiveCfg = Debug|Any CPU
		{487C8C5C-C725-4538-AAC6-F80AD1EE8CCE}.Debug|Any CPU.Build.0 = Debug|Any CPU
		{487C8C5C-C725-4538-AAC6-F80AD1EE8CCE}.Debug|x64.ActiveCfg = Debug|Any CPU
		{487C8C5C-C725-4538-AAC6-F80AD1EE8CCE}.Debug|x64.Build.0 = Debug|Any CPU
		{487C8C5C-C725-4538-AAC6-F80AD1EE8CCE}.Debug|x86.ActiveCfg = Debug|Any CPU
		{487C8C5C-C725-4538-AAC6-F80AD1EE8CCE}.Debug|x86.Build.0 = Debug|Any CPU
		{487C8C5C-C725-4538-AAC6-F80AD1EE8CCE}.Release|Any CPU.ActiveCfg = Release|Any CPU
		{487C8C5C-C725-4538-AAC6-F80AD1EE8CCE}.Release|Any CPU.Build.0 = Release|Any CPU
		{487C8C5C-C725-4538-AAC6-F80AD1EE8CCE}.Release|x64.ActiveCfg = Release|Any CPU
		{487C8C5C-C725-4538-AAC6-F80AD1EE8CCE}.Release|x64.Build.0 = Release|Any CPU
		{487C8C5C-C725-4538-AAC6-F80AD1EE8CCE}.Release|x86.ActiveCfg = Release|Any CPU
		{487C8C5C-C725-4538-AAC6-F80AD1EE8CCE}.Release|x86.Build.0 = Release|Any CPU
		{1BE4C843-8932-48D8-AA91-34DE2826AFE4}.Debug|Any CPU.ActiveCfg = Debug|Any CPU
		{1BE4C843-8932-48D8-AA91-34DE2826AFE4}.Debug|Any CPU.Build.0 = Debug|Any CPU
		{1BE4C843-8932-48D8-AA91-34DE2826AFE4}.Debug|x64.ActiveCfg = Debug|Any CPU
		{1BE4C843-8932-48D8-AA91-34DE2826AFE4}.Debug|x64.Build.0 = Debug|Any CPU
		{1BE4C843-8932-48D8-AA91-34DE2826AFE4}.Debug|x86.ActiveCfg = Debug|Any CPU
		{1BE4C843-8932-48D8-AA91-34DE2826AFE4}.Debug|x86.Build.0 = Debug|Any CPU
		{1BE4C843-8932-48D8-AA91-34DE2826AFE4}.Release|Any CPU.ActiveCfg = Release|Any CPU
		{1BE4C843-8932-48D8-AA91-34DE2826AFE4}.Release|Any CPU.Build.0 = Release|Any CPU
		{1BE4C843-8932-48D8-AA91-34DE2826AFE4}.Release|x64.ActiveCfg = Release|Any CPU
		{1BE4C843-8932-48D8-AA91-34DE2826AFE4}.Release|x64.Build.0 = Release|Any CPU
		{1BE4C843-8932-48D8-AA91-34DE2826AFE4}.Release|x86.ActiveCfg = Release|Any CPU
		{1BE4C843-8932-48D8-AA91-34DE2826AFE4}.Release|x86.Build.0 = Release|Any CPU
		{831F959A-C6B2-4C36-A7A9-97710E0F20A2}.Debug|Any CPU.ActiveCfg = Debug|Any CPU
		{831F959A-C6B2-4C36-A7A9-97710E0F20A2}.Debug|Any CPU.Build.0 = Debug|Any CPU
		{831F959A-C6B2-4C36-A7A9-97710E0F20A2}.Debug|x64.ActiveCfg = Debug|Any CPU
		{831F959A-C6B2-4C36-A7A9-97710E0F20A2}.Debug|x64.Build.0 = Debug|Any CPU
		{831F959A-C6B2-4C36-A7A9-97710E0F20A2}.Debug|x86.ActiveCfg = Debug|Any CPU
		{831F959A-C6B2-4C36-A7A9-97710E0F20A2}.Debug|x86.Build.0 = Debug|Any CPU
		{831F959A-C6B2-4C36-A7A9-97710E0F20A2}.Release|Any CPU.ActiveCfg = Release|Any CPU
		{831F959A-C6B2-4C36-A7A9-97710E0F20A2}.Release|Any CPU.Build.0 = Release|Any CPU
		{831F959A-C6B2-4C36-A7A9-97710E0F20A2}.Release|x64.ActiveCfg = Release|Any CPU
		{831F959A-C6B2-4C36-A7A9-97710E0F20A2}.Release|x64.Build.0 = Release|Any CPU
		{831F959A-C6B2-4C36-A7A9-97710E0F20A2}.Release|x86.ActiveCfg = Release|Any CPU
		{831F959A-C6B2-4C36-A7A9-97710E0F20A2}.Release|x86.Build.0 = Release|Any CPU
		{99016B27-EC1C-4E94-AFD9-6F1DC70544B1}.Debug|Any CPU.ActiveCfg = Debug|Any CPU
		{99016B27-EC1C-4E94-AFD9-6F1DC70544B1}.Debug|Any CPU.Build.0 = Debug|Any CPU
		{99016B27-EC1C-4E94-AFD9-6F1DC70544B1}.Debug|x64.ActiveCfg = Debug|Any CPU
		{99016B27-EC1C-4E94-AFD9-6F1DC70544B1}.Debug|x64.Build.0 = Debug|Any CPU
		{99016B27-EC1C-4E94-AFD9-6F1DC70544B1}.Debug|x86.ActiveCfg = Debug|Any CPU
		{99016B27-EC1C-4E94-AFD9-6F1DC70544B1}.Debug|x86.Build.0 = Debug|Any CPU
		{99016B27-EC1C-4E94-AFD9-6F1DC70544B1}.Release|Any CPU.ActiveCfg = Release|Any CPU
		{99016B27-EC1C-4E94-AFD9-6F1DC70544B1}.Release|Any CPU.Build.0 = Release|Any CPU
		{99016B27-EC1C-4E94-AFD9-6F1DC70544B1}.Release|x64.ActiveCfg = Release|Any CPU
		{99016B27-EC1C-4E94-AFD9-6F1DC70544B1}.Release|x64.Build.0 = Release|Any CPU
		{99016B27-EC1C-4E94-AFD9-6F1DC70544B1}.Release|x86.ActiveCfg = Release|Any CPU
		{99016B27-EC1C-4E94-AFD9-6F1DC70544B1}.Release|x86.Build.0 = Release|Any CPU
		{CEA6BE1E-67E6-4C60-9D88-D2C947CF7362}.Debug|Any CPU.ActiveCfg = Debug|Any CPU
		{CEA6BE1E-67E6-4C60-9D88-D2C947CF7362}.Debug|Any CPU.Build.0 = Debug|Any CPU
		{CEA6BE1E-67E6-4C60-9D88-D2C947CF7362}.Debug|x64.ActiveCfg = Debug|Any CPU
		{CEA6BE1E-67E6-4C60-9D88-D2C947CF7362}.Debug|x64.Build.0 = Debug|Any CPU
		{CEA6BE1E-67E6-4C60-9D88-D2C947CF7362}.Debug|x86.ActiveCfg = Debug|Any CPU
		{CEA6BE1E-67E6-4C60-9D88-D2C947CF7362}.Debug|x86.Build.0 = Debug|Any CPU
		{CEA6BE1E-67E6-4C60-9D88-D2C947CF7362}.Release|Any CPU.ActiveCfg = Release|Any CPU
		{CEA6BE1E-67E6-4C60-9D88-D2C947CF7362}.Release|Any CPU.Build.0 = Release|Any CPU
		{CEA6BE1E-67E6-4C60-9D88-D2C947CF7362}.Release|x64.ActiveCfg = Release|Any CPU
		{CEA6BE1E-67E6-4C60-9D88-D2C947CF7362}.Release|x64.Build.0 = Release|Any CPU
		{CEA6BE1E-67E6-4C60-9D88-D2C947CF7362}.Release|x86.ActiveCfg = Release|Any CPU
		{CEA6BE1E-67E6-4C60-9D88-D2C947CF7362}.Release|x86.Build.0 = Release|Any CPU
	EndGlobalSection
	GlobalSection(SolutionProperties) = preSolution
		HideSolutionNode = FALSE
	EndGlobalSection
EndGlobal
