# THIS IS AN AUTOGENERATED FILE. DO NOT EDIT THIS FILE DIRECTLY.
# yarn lockfile v1


"@types/form-data@^0.0.32":
  version "0.0.32"
  resolved "https://registry.yarnpkg.com/@types/form-data/-/form-data-0.0.32.tgz#218134515d38929524ff562ba1c6ce93981f3a45"

"@types/node@*":
  version "9.3.0"
  resolved "https://registry.yarnpkg.com/@types/node/-/node-9.3.0.tgz#3a129cda7c4e5df2409702626892cb4b96546dd5"

"@types/node@^6.0.45":
  version "6.0.96"
  resolved "https://registry.yarnpkg.com/@types/node/-/node-6.0.96.tgz#7bf0bf40d6ce51e93762cc47d010c8cc5ebb2179"

"@types/ref-struct@^0.0.28":
  version "0.0.28"
  resolved "https://registry.yarnpkg.com/@types/ref-struct/-/ref-struct-0.0.28.tgz#b840a8ac495411515dcae209010d5ac661550e84"
  dependencies:
    "@types/ref" "*"

"@types/ref-union@^0.0.28":
  version "0.0.28"
  resolved "https://registry.yarnpkg.com/@types/ref-union/-/ref-union-0.0.28.tgz#74147dffc07a19766a32d1f08306d5ec3abda3c7"
  dependencies:
    "@types/ref" "*"

"@types/ref@*", "@types/ref@^0.0.28":
  version "0.0.28"
  resolved "https://registry.yarnpkg.com/@types/ref/-/ref-0.0.28.tgz#15a61253ed1259038b47499de1c9b0cbca57f55c"
  dependencies:
    "@types/node" "*"

"@types/typescript@^2.0.0":
  version "2.0.0"
  resolved "https://registry.yarnpkg.com/@types/typescript/-/typescript-2.0.0.tgz#c433539c98bae28682b307eaa7a0fd2115b83c28"
  dependencies:
    typescript "*"

string-template@^1.0.0:
  version "1.0.0"
  resolved "https://registry.yarnpkg.com/string-template/-/string-template-1.0.0.tgz#9e9f2233dc00f218718ec379a28a5673ecca8b96"

typescript@*, typescript@2.6.2:
  version "2.6.2"
  resolved "https://registry.yarnpkg.com/typescript/-/typescript-2.6.2.tgz#3c5b6fd7f6de0914269027f03c0946758f7673a4"
